
Microsoft Visual Studio Solution File, Format Version 12.00
# Visual Studio 15
VisualStudioVersion = 15.0.28307.168
MinimumVisualStudioVersion = 10.0.40219.1
Project("{FAE04EC0-301F-11D3-BF4B-00C04F79EFBC}") = "task1", "task1\task1.csproj", "{F5E6EF2C-CD6C-4EEA-8847-5B3B22910312}"
EndProject
Global
	GlobalSection(SolutionConfigurationPlatforms) = preSolution
		Debug|Any CPU = Debug|Any CPU
		Release|Any CPU = Release|Any CPU
	EndGlobalSection
	GlobalSection(ProjectConfigurationPlatforms) = postSolution
		{F5E6EF2C-CD6C-4EEA-8847-5B3B22910312}.Debug|Any CPU.ActiveCfg = Debug|Any CPU
		{F5E6EF2C-CD6C-4EEA-8847-5B3B22910312}.Debug|Any CPU.Build.0 = Debug|Any CPU
		{F5E6EF2C-CD6C-4EEA-8847-5B3B22910312}.Release|Any CPU.ActiveCfg = Release|Any CPU
		{F5E6EF2C-CD6C-4EEA-8847-5B3B22910312}.Release|Any CPU.Build.0 = Release|Any CPU
	EndGlobalSection
	GlobalSection(SolutionProperties) = preSolution
		HideSolutionNode = FALSE
	EndGlobalSection
	GlobalSection(ExtensibilityGlobals) = postSolution
		SolutionGuid = {15BE08CF-265A-488D-A161-71502876B81A}
	EndGlobalSection
EndGlobal
