
Microsoft Visual Studio Solution File, Format Version 12.00
# Visual Studio 15
VisualStudioVersion = 15.0.28307.168
MinimumVisualStudioVersion = 10.0.40219.1
Project("{FAE04EC0-301F-11D3-BF4B-00C04F79EFBC}") = "task2", "task2\task2.csproj", "{D20B2479-B8A2-400F-82AD-0BBA6511E536}"
EndProject
Global
	GlobalSection(SolutionConfigurationPlatforms) = preSolution
		Debug|Any CPU = Debug|Any CPU
		Release|Any CPU = Release|Any CPU
	EndGlobalSection
	GlobalSection(ProjectConfigurationPlatforms) = postSolution
		{D20B2479-B8A2-400F-82AD-0BBA6511E536}.Debug|Any CPU.ActiveCfg = Debug|Any CPU
		{D20B2479-B8A2-400F-82AD-0BBA6511E536}.Debug|Any CPU.Build.0 = Debug|Any CPU
		{D20B2479-B8A2-400F-82AD-0BBA6511E536}.Release|Any CPU.ActiveCfg = Release|Any CPU
		{D20B2479-B8A2-400F-82AD-0BBA6511E536}.Release|Any CPU.Build.0 = Release|Any CPU
	EndGlobalSection
	GlobalSection(SolutionProperties) = preSolution
		HideSolutionNode = FALSE
	EndGlobalSection
	GlobalSection(ExtensibilityGlobals) = postSolution
		SolutionGuid = {3DE2C43D-2265-440E-B4BF-34DD92F0BE9A}
	EndGlobalSection
EndGlobal
